
Microsoft Visual Studio Solution File, Format Version 12.00
# Visual Studio Version 17
VisualStudioVersion = 17.5.33516.290
MinimumVisualStudioVersion = 10.0.40219.1
Project("{FAE04EC0-301F-11D3-BF4B-00C04F79EFBC}") = "RevisaoSintaxe.ParadigmaEstruturado", "RevisaoSintaxe.ParadigmaEstruturado\RevisaoSintaxe.ParadigmaEstruturado.csproj", "{5FCF400B-F944-4241-9458-1E4A07EB0AE2}"
EndProject
Global
	GlobalSection(SolutionConfigurationPlatforms) = preSolution
		Debug|Any CPU = Debug|Any CPU
		Release|Any CPU = Release|Any CPU
	EndGlobalSection
	GlobalSection(ProjectConfigurationPlatforms) = postSolution
		{5FCF400B-F944-4241-9458-1E4A07EB0AE2}.Debug|Any CPU.ActiveCfg = Debug|Any CPU
		{5FCF400B-F944-4241-9458-1E4A07EB0AE2}.Debug|Any CPU.Build.0 = Debug|Any CPU
		{5FCF400B-F944-4241-9458-1E4A07EB0AE2}.Release|Any CPU.ActiveCfg = Release|Any CPU
		{5FCF400B-F944-4241-9458-1E4A07EB0AE2}.Release|Any CPU.Build.0 = Release|Any CPU
	EndGlobalSection
	GlobalSection(SolutionProperties) = preSolution
		HideSolutionNode = FALSE
	EndGlobalSection
	GlobalSection(ExtensibilityGlobals) = postSolution
		SolutionGuid = {78A03F38-3540-4E36-8EEB-2424F2F71741}
	EndGlobalSection
EndGlobal
